{
  "name": "jsmrcaga",
  "version": "0.0.0",
  "lockfileVersion": 2,
  "requires": true,
  "packages": {
    "": {
      "version": "0.0.0",
      "license": "MIT",
      "dependencies": {
        "fishingrod": "^4.1.1"
      }
    },
    "node_modules/fishingrod": {
      "version": "4.1.1",
      "resolved": "https://registry.npmjs.org/fishingrod/-/fishingrod-4.1.1.tgz",
      "integrity": "sha512-5R5juXeFswcT8y2U/TyDsVSySe/lXL4Han7zoi2AuJs7gtMrt/CPl7WIzqavRFDogzrdIV68Cpx1xHSpuz/lXQ=="
    }
  },
  "dependencies": {
    "fishingrod": {
      "version": "4.1.1",
      "resolved": "https://registry.npmjs.org/fishingrod/-/fishingrod-4.1.1.tgz",
      "integrity": "sha512-5R5juXeFswcT8y2U/TyDsVSySe/lXL4Han7zoi2AuJs7gtMrt/CPl7WIzqavRFDogzrdIV68Cpx1xHSpuz/lXQ=="
    }
  }
}
